
Microsoft Visual Studio Solution File, Format Version 12.00
# Visual Studio Version 17
VisualStudioVersion = 17.4.33213.308
MinimumVisualStudioVersion = 10.0.40219.1
Project("{FAE04EC0-301F-11D3-BF4B-00C04F79EFBC}") = "ES.API", "ES.API.csproj", "{A6906535-EB9E-48F5-B60A-BE9FEF0401AB}"
EndProject
Global
	GlobalSection(SolutionConfigurationPlatforms) = preSolution
		Debug|Any CPU = Debug|Any CPU
		Release|Any CPU = Release|Any CPU
	EndGlobalSection
	GlobalSection(ProjectConfigurationPlatforms) = postSolution
		{A6906535-EB9E-48F5-B60A-BE9FEF0401AB}.Debug|Any CPU.ActiveCfg = Debug|Any CPU
		{A6906535-EB9E-48F5-B60A-BE9FEF0401AB}.Debug|Any CPU.Build.0 = Debug|Any CPU
		{A6906535-EB9E-48F5-B60A-BE9FEF0401AB}.Release|Any CPU.ActiveCfg = Release|Any CPU
		{A6906535-EB9E-48F5-B60A-BE9FEF0401AB}.Release|Any CPU.Build.0 = Release|Any CPU
	EndGlobalSection
	GlobalSection(SolutionProperties) = preSolution
		HideSolutionNode = FALSE
	EndGlobalSection
	GlobalSection(ExtensibilityGlobals) = postSolution
		SolutionGuid = {75867EBF-7EC9-4969-9871-47F98131ABFD}
	EndGlobalSection
EndGlobal
